# THIS IS AN AUTOGENERATED FILE. DO NOT EDIT THIS FILE DIRECTLY.
# yarn lockfile v1


"@babel/parser@^7.16.4":
  version "7.20.5"
  resolved "https://registry.yarnpkg.com/@babel/parser/-/parser-7.20.5.tgz#7f3c7335fe417665d929f34ae5dceae4c04015e8"
  integrity sha512-r27t/cy/m9uKLXQNWWebeCUHgnAZq0CpG1OwKRxzJMP1vpSU4bSIK2hq+/cp0bQxetkXx38n09rNu8jVkcK/zA==

"@ctrl/tinycolor@^3.4.1":
  version "3.4.1"
  resolved "https://registry.yarnpkg.com/@ctrl/tinycolor/-/tinycolor-3.4.1.tgz#75b4c27948c81e88ccd3a8902047bcd797f38d32"
  integrity sha512-ej5oVy6lykXsvieQtqZxCOaLT+xD4+QNarq78cIYISHmZXshCvROLudpQN3lfL8G0NL7plMSSK+zlyvCaIJ4Iw==

"@element-plus/icons-vue@^2.0.6":
  version "2.0.10"
  resolved "https://registry.yarnpkg.com/@element-plus/icons-vue/-/icons-vue-2.0.10.tgz#60808d613c3dbdad025577022be8a972739ade21"
  integrity sha512-ygEZ1mwPjcPo/OulhzLE7mtDrQBWI8vZzEWSNB2W/RNCRjoQGwbaK4N8lV4rid7Ts4qvySU3njMN7YCiSlSaTQ==

"@esbuild/android-arm@0.15.17":
  version "0.15.17"
  resolved "https://registry.yarnpkg.com/@esbuild/android-arm/-/android-arm-0.15.17.tgz#05162390ed2b0f2ae9647a809efb71fba14ddfe7"
  integrity sha512-ay6Ken4u+JStjYmqIgh71jMT0bs/rXpCCDKaMfl78B20QYWJglT5P6Ejfm4hWf6Zi+uUWNe7ZmqakRs2BQYIeg==

"@esbuild/linux-loong64@0.15.17":
  version "0.15.17"
  resolved "https://registry.yarnpkg.com/@esbuild/linux-loong64/-/linux-loong64-0.15.17.tgz#870daa61c257dfa0ee4f0ed71704d55e9af8e20c"
  integrity sha512-IA1O7f7qxw2DX8oqTpugHElr926phs7Rq8ULXleBMk4go5K05BU0mI8BfCkWcYAvcmVaMc13bv5W3LIUlU6Y9w==

"@floating-ui/core@^1.0.2":
  version "1.0.2"
  resolved "https://registry.yarnpkg.com/@floating-ui/core/-/core-1.0.2.tgz#d06a66d3ad8214186eda2432ac8b8d81868a571f"
  integrity sha512-Skfy0YS3NJ5nV9us0uuPN0HDk1Q4edljaOhRBJGDWs9EBa7ZVMYBHRFlhLvvmwEoaIM9BlH6QJFn9/uZg0bACg==

"@floating-ui/dom@^1.0.1":
  version "1.0.7"
  resolved "https://registry.yarnpkg.com/@floating-ui/dom/-/dom-1.0.7.tgz#9e8e6615ce03e5ebc6a4ae879640a199a366f86d"
  integrity sha512-6RsqvCYe0AYWtsGvuWqCm7mZytnXAZCjWtsWu1Kg8dI3INvj/DbKlDsZO+mKSaQdPT12uxIW9W2dAWJkPx4Y5g==
  dependencies:
    "@floating-ui/core" "^1.0.2"

"@fortawesome/fontawesome-free@^6.2.1":
  version "6.2.1"
  resolved "https://registry.yarnpkg.com/@fortawesome/fontawesome-free/-/fontawesome-free-6.2.1.tgz#344baf6ff9eaad7a73cff067d8c56bfc11ae5304"
  integrity sha512-viouXhegu/TjkvYQoiRZK3aax69dGXxgEjpvZW81wIJdxm5Fnvp3VVIP4VHKqX4SvFw6qpmkILkD4RJWAdrt7A==

"@popperjs/core@npm:@sxzz/popperjs-es@^2.11.7":
  version "2.11.7"
  resolved "https://registry.yarnpkg.com/@sxzz/popperjs-es/-/popperjs-es-2.11.7.tgz#a7f69e3665d3da9b115f9e71671dae1b97e13671"
  integrity sha512-Ccy0NlLkzr0Ex2FKvh2X+OyERHXJ88XJ1MXtsI9y9fGexlaXaVTPzBCRBwIxFkORuOb+uBqeu+RqnpgYTEZRUQ==

"@types/lodash-es@^4.17.6":
  version "4.17.6"
  resolved "https://registry.yarnpkg.com/@types/lodash-es/-/lodash-es-4.17.6.tgz#c2ed4c8320ffa6f11b43eb89e9eaeec65966a0a0"
  integrity sha512-R+zTeVUKDdfoRxpAryaQNRKk3105Rrgx2CFRClIgRGaqDTdjsm8h6IYA8ir584W3ePzkZfst5xIgDwYrlh9HLg==
  dependencies:
    "@types/lodash" "*"

"@types/lodash@*", "@types/lodash@^4.14.182":
  version "4.14.191"
  resolved "https://registry.yarnpkg.com/@types/lodash/-/lodash-4.14.191.tgz#09511e7f7cba275acd8b419ddac8da9a6a79e2fa"
  integrity sha512-BdZ5BCCvho3EIXw6wUCXHe7rS53AIDPLE+JzwgT+OsJk53oBfbSmZZ7CX4VaRoN78N+TJpFi9QPlfIVNmJYWxQ==

"@types/marked@^4.0.7":
  version "4.0.7"
  resolved "https://registry.yarnpkg.com/@types/marked/-/marked-4.0.7.tgz#400a76809fd08c2bbd9e25f3be06ea38c8e0a1d3"
  integrity sha512-eEAhnz21CwvKVW+YvRvcTuFKNU9CV1qH+opcgVK3pIMI6YZzDm6gc8o2vHjldFk6MGKt5pueSB7IOpvpx5Qekw==

"@types/moment@^2.13.0":
  version "2.13.0"
  resolved "https://registry.yarnpkg.com/@types/moment/-/moment-2.13.0.tgz#604ebd189bc3bc34a1548689404e61a2a4aac896"
  integrity sha512-DyuyYGpV6r+4Z1bUznLi/Y7HpGn4iQ4IVcGn8zrr1P4KotKLdH0sbK1TFR6RGyX6B+G8u83wCzL+bpawKU/hdQ==
  dependencies:
    moment "*"

"@types/node@^18.11.10":
  version "18.11.10"
  resolved "https://registry.yarnpkg.com/@types/node/-/node-18.11.10.tgz#4c64759f3c2343b7e6c4b9caf761c7a3a05cee34"
  integrity sha512-juG3RWMBOqcOuXC643OAdSA525V44cVgGV6dUDuiFtss+8Fk5x1hI93Rsld43VeJVIeqlP9I7Fn9/qaVqoEAuQ==

"@types/web-bluetooth@^0.0.16":
  version "0.0.16"
  resolved "https://registry.yarnpkg.com/@types/web-bluetooth/-/web-bluetooth-0.0.16.tgz#1d12873a8e49567371f2a75fe3e7f7edca6662d8"
  integrity sha512-oh8q2Zc32S6gd/j50GowEjKLoOVOwHP/bWVjKJInBwQqdOYMdPrf1oVlelTlyfFK3CKxL1uahMDAr+vy8T7yMQ==

"@vitejs/plugin-vue@^3.2.0":
  version "3.2.0"
  resolved "https://registry.yarnpkg.com/@vitejs/plugin-vue/-/plugin-vue-3.2.0.tgz#a1484089dd85d6528f435743f84cdd0d215bbb54"
  integrity sha512-E0tnaL4fr+qkdCNxJ+Xd0yM31UwMkQje76fsDVBBUCoGOUPexu2VDUYHL8P4CwV+zMvWw6nlRw19OnRKmYAJpw==

"@volar/language-core@1.0.11":
  version "1.0.11"
  resolved "https://registry.yarnpkg.com/@volar/language-core/-/language-core-1.0.11.tgz#14c17add91483f0a39a5ee3207a615bdc71c9db4"
  integrity sha512-YwUYKxIyDc+Fq3kQ6BGGfkrKCG5JzE2Yr6vMxrxEXW2rg/gsq3JgMk/4sI8ybRsaTirhCB4V8+AIVYsvcRxgig==
  dependencies:
    "@volar/source-map" "1.0.11"
    "@vue/reactivity" "^3.2.45"
    muggle-string "^0.1.0"

"@volar/source-map@1.0.11":
  version "1.0.11"
  resolved "https://registry.yarnpkg.com/@volar/source-map/-/source-map-1.0.11.tgz#8db897b382ce13afde012ced2d9ca2acb85efe3a"
  integrity sha512-tkuV9MD+OuiZfHA0qZXrPdW6F7TvnpnuTan6Qe7UGUs9+sflezlMJdjaYdGgQObfP+06pcT1E3xdkOoi08ZyyQ==
  dependencies:
    muggle-string "^0.1.0"

"@volar/typescript@1.0.11":
  version "1.0.11"
  resolved "https://registry.yarnpkg.com/@volar/typescript/-/typescript-1.0.11.tgz#e127e5598f9bc7e39cf69c8dd6e2f43070a3fd72"
  integrity sha512-mq7wDDAs0Eb43jev2FxbowuiwWqvL3kb+tar1we8VQbdabpyQ5dmbWPwo/IglevMmW3SKo1Et+6rqAeZpXNnPQ==
  dependencies:
    "@volar/language-core" "1.0.11"

"@volar/vue-language-core@1.0.11":
  version "1.0.11"
  resolved "https://registry.yarnpkg.com/@volar/vue-language-core/-/vue-language-core-1.0.11.tgz#e185b0d4e6bd1de8e350dfc396639034c5c02bff"
  integrity sha512-A3ODs0/ua7BcpSSnE7KtO8bzWsYsbOJRyW2Q/2uktxlfHj8srln3JdgK/mNlIgfnWtACbE5K+EfMJOgJKv864A==
  dependencies:
    "@volar/language-core" "1.0.11"
    "@volar/source-map" "1.0.11"
    "@vue/compiler-dom" "^3.2.45"
    "@vue/compiler-sfc" "^3.2.45"
    "@vue/reactivity" "^3.2.45"
    "@vue/shared" "^3.2.45"
    minimatch "^5.1.0"
    vue-template-compiler "^2.7.14"

"@volar/vue-typescript@1.0.11":
  version "1.0.11"
  resolved "https://registry.yarnpkg.com/@volar/vue-typescript/-/vue-typescript-1.0.11.tgz#5cbc021854186f1c3cdfc6305d4c3870df28c5a2"
  integrity sha512-jlnFPvBcTyPiAbGlgjhKK7fp3Q+Z7Z5eU1NTbTSS0lQC8Gog3sh2UxLAFG5Voe1gHIxasoOEPXzMR0CWF4bKbA==
  dependencies:
    "@volar/typescript" "1.0.11"
    "@volar/vue-language-core" "1.0.11"

"@vue-leaflet/vue-leaflet@^0.7.0":
  version "0.7.0"
  resolved "https://registry.yarnpkg.com/@vue-leaflet/vue-leaflet/-/vue-leaflet-0.7.0.tgz#5497ede3346ca3bd009c5636dba2512ea01579d7"
  integrity sha512-YY1bcg+7ftGZk4ihCOckOSFMfuhimGxEpPabtpBpaaaquABliB0dkANNFx5d8Y5Vadko5Yjc8Vq74hb/dg4gQw==

"@vue/compiler-core@3.2.45":
  version "3.2.45"
  resolved "https://registry.yarnpkg.com/@vue/compiler-core/-/compiler-core-3.2.45.tgz#d9311207d96f6ebd5f4660be129fb99f01ddb41b"
  integrity sha512-rcMj7H+PYe5wBV3iYeUgbCglC+pbpN8hBLTJvRiK2eKQiWqu+fG9F+8sW99JdL4LQi7Re178UOxn09puSXvn4A==
  dependencies:
    "@babel/parser" "^7.16.4"
    "@vue/shared" "3.2.45"
    estree-walker "^2.0.2"
    source-map "^0.6.1"

"@vue/compiler-dom@3.2.45", "@vue/compiler-dom@^3.2.45":
  version "3.2.45"
  resolved "https://registry.yarnpkg.com/@vue/compiler-dom/-/compiler-dom-3.2.45.tgz#c43cc15e50da62ecc16a42f2622d25dc5fd97dce"
  integrity sha512-tyYeUEuKqqZO137WrZkpwfPCdiiIeXYCcJ8L4gWz9vqaxzIQRccTSwSWZ/Axx5YR2z+LvpUbmPNXxuBU45lyRw==
  dependencies:
    "@vue/compiler-core" "3.2.45"
    "@vue/shared" "3.2.45"

"@vue/compiler-sfc@3.2.45", "@vue/compiler-sfc@^3.2.45":
  version "3.2.45"
  resolved "https://registry.yarnpkg.com/@vue/compiler-sfc/-/compiler-sfc-3.2.45.tgz#7f7989cc04ec9e7c55acd406827a2c4e96872c70"
  integrity sha512-1jXDuWah1ggsnSAOGsec8cFjT/K6TMZ0sPL3o3d84Ft2AYZi2jWJgRMjw4iaK0rBfA89L5gw427H4n1RZQBu6Q==
  dependencies:
    "@babel/parser" "^7.16.4"
    "@vue/compiler-core" "3.2.45"
    "@vue/compiler-dom" "3.2.45"
    "@vue/compiler-ssr" "3.2.45"
    "@vue/reactivity-transform" "3.2.45"
    "@vue/shared" "3.2.45"
    estree-walker "^2.0.2"
    magic-string "^0.25.7"
    postcss "^8.1.10"
    source-map "^0.6.1"

"@vue/compiler-ssr@3.2.45":
  version "3.2.45"
  resolved "https://registry.yarnpkg.com/@vue/compiler-ssr/-/compiler-ssr-3.2.45.tgz#bd20604b6e64ea15344d5b6278c4141191c983b2"
  integrity sha512-6BRaggEGqhWht3lt24CrIbQSRD5O07MTmd+LjAn5fJj568+R9eUD2F7wMQJjX859seSlrYog7sUtrZSd7feqrQ==
  dependencies:
    "@vue/compiler-dom" "3.2.45"
    "@vue/shared" "3.2.45"

"@vue/reactivity-transform@3.2.45":
  version "3.2.45"
  resolved "https://registry.yarnpkg.com/@vue/reactivity-transform/-/reactivity-transform-3.2.45.tgz#07ac83b8138550c83dfb50db43cde1e0e5e8124d"
  integrity sha512-BHVmzYAvM7vcU5WmuYqXpwaBHjsS8T63jlKGWVtHxAHIoMIlmaMyurUSEs1Zcg46M4AYT5MtB1U274/2aNzjJQ==
  dependencies:
    "@babel/parser" "^7.16.4"
    "@vue/compiler-core" "3.2.45"
    "@vue/shared" "3.2.45"
    estree-walker "^2.0.2"
    magic-string "^0.25.7"

"@vue/reactivity@3.2.45", "@vue/reactivity@^3.2.45":
  version "3.2.45"
  resolved "https://registry.yarnpkg.com/@vue/reactivity/-/reactivity-3.2.45.tgz#412a45b574de601be5a4a5d9a8cbd4dee4662ff0"
  integrity sha512-PRvhCcQcyEVohW0P8iQ7HDcIOXRjZfAsOds3N99X/Dzewy8TVhTCT4uXpAHfoKjVTJRA0O0K+6QNkDIZAxNi3A==
  dependencies:
    "@vue/shared" "3.2.45"

"@vue/runtime-core@3.2.45":
  version "3.2.45"
  resolved "https://registry.yarnpkg.com/@vue/runtime-core/-/runtime-core-3.2.45.tgz#7ad7ef9b2519d41062a30c6fa001ec43ac549c7f"
  integrity sha512-gzJiTA3f74cgARptqzYswmoQx0fIA+gGYBfokYVhF8YSXjWTUA2SngRzZRku2HbGbjzB6LBYSbKGIaK8IW+s0A==
  dependencies:
    "@vue/reactivity" "3.2.45"
    "@vue/shared" "3.2.45"

"@vue/runtime-dom@3.2.45":
  version "3.2.45"
  resolved "https://registry.yarnpkg.com/@vue/runtime-dom/-/runtime-dom-3.2.45.tgz#1a2ef6ee2ad876206fbbe2a884554bba2d0faf59"
  integrity sha512-cy88YpfP5Ue2bDBbj75Cb4bIEZUMM/mAkDMfqDTpUYVgTf/kuQ2VQ8LebuZ8k6EudgH8pYhsGWHlY0lcxlvTwA==
  dependencies:
    "@vue/runtime-core" "3.2.45"
    "@vue/shared" "3.2.45"
    csstype "^2.6.8"

"@vue/server-renderer@3.2.45":
  version "3.2.45"
  resolved "https://registry.yarnpkg.com/@vue/server-renderer/-/server-renderer-3.2.45.tgz#ca9306a0c12b0530a1a250e44f4a0abac6b81f3f"
  integrity sha512-ebiMq7q24WBU1D6uhPK//2OTR1iRIyxjF5iVq/1a5I1SDMDyDu4Ts6fJaMnjrvD3MqnaiFkKQj+LKAgz5WIK3g==
  dependencies:
    "@vue/compiler-ssr" "3.2.45"
    "@vue/shared" "3.2.45"

"@vue/shared@3.2.45", "@vue/shared@^3.2.45":
  version "3.2.45"
  resolved "https://registry.yarnpkg.com/@vue/shared/-/shared-3.2.45.tgz#a3fffa7489eafff38d984e23d0236e230c818bc2"
  integrity sha512-Ewzq5Yhimg7pSztDV+RH1UDKBzmtqieXQlpTVm2AwraoRL/Rks96mvd8Vgi7Lj+h+TH8dv7mXD3FRZR3TUvbSg==

"@vueuse/core@^9.1.0":
  version "9.6.0"
  resolved "https://registry.yarnpkg.com/@vueuse/core/-/core-9.6.0.tgz#de1d4730849cdbe28a9ebcf6cad167a700919603"
  integrity sha512-qGUcjKQXHgN+jqXEgpeZGoxdCbIDCdVPz3QiF1uyecVGbMuM63o96I1GjYx5zskKgRI0FKSNsVWM7rwrRMTf6A==
  dependencies:
    "@types/web-bluetooth" "^0.0.16"
    "@vueuse/metadata" "9.6.0"
    "@vueuse/shared" "9.6.0"
    vue-demi "*"

"@vueuse/metadata@9.6.0":
  version "9.6.0"
  resolved "https://registry.yarnpkg.com/@vueuse/metadata/-/metadata-9.6.0.tgz#b0a73277538cebef5d477983f74fdd2aa21ce5f9"
  integrity sha512-sIC8R+kWkIdpi5X2z2Gk8TRYzmczDwHRhEFfCu2P+XW2JdPoXrziqsGpDDsN7ykBx4ilwieS7JUIweVGhvZ93w==

"@vueuse/shared@9.6.0":
  version "9.6.0"
  resolved "https://registry.yarnpkg.com/@vueuse/shared/-/shared-9.6.0.tgz#ce2e0e8124c6bdb1e270fc213e334ccc71dcb951"
  integrity sha512-/eDchxYYhkHnFyrb00t90UfjCx94kRHxc7J1GtBCqCG4HyPMX+krV9XJgVtWIsAMaxKVU4fC8NSUviG1JkwhUQ==
  dependencies:
    vue-demi "*"

anymatch@~3.1.2:
  version "3.1.3"
  resolved "https://registry.yarnpkg.com/anymatch/-/anymatch-3.1.3.tgz#790c58b19ba1720a84205b57c618d5ad8524973e"
  integrity sha512-KMReFUr0B4t+D+OBkjR3KYqvocp2XaSzO55UcB6mgQMd3KbcE+mWTyvVV7D/zsdEbNnV6acZUutkiHQXvTr1Rw==
  dependencies:
    normalize-path "^3.0.0"
    picomatch "^2.0.4"

async-validator@^4.2.5:
  version "4.2.5"
  resolved "https://registry.yarnpkg.com/async-validator/-/async-validator-4.2.5.tgz#c96ea3332a521699d0afaaceed510a54656c6339"
  integrity sha512-7HhHjtERjqlNbZtqNqy2rckN/SpOOlmDliet+lP7k+eKZEjPk3DgyeU9lIXLdeLz0uBbbVp+9Qdow9wJWgwwfg==

balanced-match@^1.0.0:
  version "1.0.2"
  resolved "https://registry.yarnpkg.com/balanced-match/-/balanced-match-1.0.2.tgz#e83e3a7e3f300b34cb9d87f615fa0cbf357690ee"
  integrity sha512-3oSeUO0TMV67hN1AmbXsK4yaqU7tjiHlbxRDZOpH0KW9+CeX4bRAaX0Anxt0tx2MrpRpWwQaPwIlISEJhYU5Pw==

binary-extensions@^2.0.0:
  version "2.2.0"
  resolved "https://registry.yarnpkg.com/binary-extensions/-/binary-extensions-2.2.0.tgz#75f502eeaf9ffde42fc98829645be4ea76bd9e2d"
  integrity sha512-jDctJ/IVQbZoJykoeHbhXpOlNBqGNcwXJKJog42E5HDPUwQTSdjCHdihjj0DlnheQ7blbT6dHOafNAiS8ooQKA==

brace-expansion@^2.0.1:
  version "2.0.1"
  resolved "https://registry.yarnpkg.com/brace-expansion/-/brace-expansion-2.0.1.tgz#1edc459e0f0c548486ecf9fc99f2221364b9a0ae"
  integrity sha512-XnAIvQ8eM+kC6aULx6wuQiwVsnzsi9d3WxzV3FpWTGA19F621kwdbsAcFKXgKUHZWsy+mY6iL1sHTxWEFCytDA==
  dependencies:
    balanced-match "^1.0.0"

braces@~3.0.2:
  version "3.0.2"
  resolved "https://registry.yarnpkg.com/braces/-/braces-3.0.2.tgz#3454e1a462ee8d599e236df336cd9ea4f8afe107"
  integrity sha512-b8um+L1RzM3WDSzvhm6gIz1yfTbBt6YTlcEKAvsmqCZZFw46z626lVj9j1yEPW33H5H+lBQpZMP1k8l+78Ha0A==
  dependencies:
    fill-range "^7.0.1"

"chokidar@>=3.0.0 <4.0.0":
  version "3.5.3"
  resolved "https://registry.yarnpkg.com/chokidar/-/chokidar-3.5.3.tgz#1cf37c8707b932bd1af1ae22c0432e2acd1903bd"
  integrity sha512-Dr3sfKRP6oTcjf2JmUmFJfeVMvXBdegxB0iVQ5eb2V10uFJUCAS8OByZdVAyVb8xXNz3GjjTgj9kLWsZTqE6kw==
  dependencies:
    anymatch "~3.1.2"
    braces "~3.0.2"
    glob-parent "~5.1.2"
    is-binary-path "~2.1.0"
    is-glob "~4.0.1"
    normalize-path "~3.0.0"
    readdirp "~3.6.0"
  optionalDependencies:
    fsevents "~2.3.2"

create-html-element@^4.0.1:
  version "4.0.1"
  resolved "https://registry.yarnpkg.com/create-html-element/-/create-html-element-4.0.1.tgz#037197116084de7822c7259f426ab53f38efa1a9"
  integrity sha512-K/wr7TGTPh4v2m5JpxNWQ/W4/lHkVjun7rTmg8ycNjbJE0ngjxvVYSiYzgq4iiJ+H5zq2FcPu6ZehCZHHcZtfA==
  dependencies:
    escape-goat "^4.0.0"
    html-tags "^3.1.0"
    stringify-attributes "^3.0.0"
    type-fest "^2.5.0"

csstype@^2.6.8:
  version "2.6.21"
  resolved "https://registry.yarnpkg.com/csstype/-/csstype-2.6.21.tgz#2efb85b7cc55c80017c66a5ad7cbd931fda3a90e"
  integrity sha512-Z1PhmomIfypOpoMjRQB70jfvy/wxT50qW08YXO5lMIJkrdq4yOTR+AW7FqutScmB9NkLwxo+jU+kZLbofZZq/w==

dayjs@^1.11.3:
  version "1.11.6"
  resolved "https://registry.yarnpkg.com/dayjs/-/dayjs-1.11.6.tgz#2e79a226314ec3ec904e3ee1dd5a4f5e5b1c7afb"
  integrity sha512-zZbY5giJAinCG+7AGaw0wIhNZ6J8AhWuSXKvuc1KAyMiRsvGQWqh4L+MomvhdAYjN+lqvVCMq1I41e3YHvXkyQ==

de-indent@^1.0.2:
  version "1.0.2"
  resolved "https://registry.yarnpkg.com/de-indent/-/de-indent-1.0.2.tgz#b2038e846dc33baa5796128d0804b455b8c1e21d"
  integrity sha512-e/1zu3xH5MQryN2zdVaF0OrdNLUbvWxzMbi+iNA6Bky7l1RoP8a2fIbRocyHclXt/arDrrR6lL3TqFD9pMQTsg==

deepmerge@^4.2.2:
  version "4.2.2"
  resolved "https://registry.yarnpkg.com/deepmerge/-/deepmerge-4.2.2.tgz#44d2ea3679b8f4d4ffba33f03d865fc1e7bf4955"
  integrity sha512-FJ3UgI4gIl+PHZm53knsuSFpE+nESMr7M4v9QcgB7S63Kj/6WqMiFQJpBBYz1Pt+66bZpP3Q7Lye0Oo9MPKEdg==

dom-serializer@^1.0.1:
  version "1.4.1"
  resolved "https://registry.yarnpkg.com/dom-serializer/-/dom-serializer-1.4.1.tgz#de5d41b1aea290215dc45a6dae8adcf1d32e2d30"
  integrity sha512-VHwB3KfrcOOkelEG2ZOfxqLZdfkil8PtJi4P8N2MMXucZq2yLp75ClViUlOVwyoHEDjYU433Aq+5zWP61+RGag==
  dependencies:
    domelementtype "^2.0.1"
    domhandler "^4.2.0"
    entities "^2.0.0"

domelementtype@^2.0.1, domelementtype@^2.2.0:
  version "2.3.0"
  resolved "https://registry.yarnpkg.com/domelementtype/-/domelementtype-2.3.0.tgz#5c45e8e869952626331d7aab326d01daf65d589d"
  integrity sha512-OLETBj6w0OsagBwdXnPdN0cnMfF9opN69co+7ZrbfPGrdpPVNBUj02spi6B1N7wChLQiPn4CSH/zJvXw56gmHw==

domhandler@^4.0.0, domhandler@^4.2.0:
  version "4.3.1"
  resolved "https://registry.yarnpkg.com/domhandler/-/domhandler-4.3.1.tgz#8d792033416f59d68bc03a5aa7b018c1ca89279c"
  integrity sha512-GrwoxYN+uWlzO8uhUXRl0P+kHE4GtVPfYzVLcUxPL7KNdHKj66vvlhiweIHqYYXWlw+T8iLMp42Lm67ghw4WMQ==
  dependencies:
    domelementtype "^2.2.0"

domutils@^2.5.2:
  version "2.8.0"
  resolved "https://registry.yarnpkg.com/domutils/-/domutils-2.8.0.tgz#4437def5db6e2d1f5d6ee859bd95ca7d02048135"
  integrity sha512-w96Cjofp72M5IIhpjgobBimYEfoPjx1Vx0BSX9P30WBdZW2WIKU0T1Bd0kz2eNZ9ikjKgHbEyKx8BB6H1L3h3A==
  dependencies:
    dom-serializer "^1.0.1"
    domelementtype "^2.2.0"
    domhandler "^4.2.0"

element-plus@^2.2.26:
  version "2.2.26"
  resolved "https://registry.yarnpkg.com/element-plus/-/element-plus-2.2.26.tgz#5e46aa5d8127786bb158713957f8a253b35bf019"
  integrity sha512-O/rdY5m9DkclpVg8r3GynyqCunm7MxSR142xSsjrZA77bi7bcwA3SIy6SPEDqHi5R4KqgkGYgKSp4Q4e3irbYg==
  dependencies:
    "@ctrl/tinycolor" "^3.4.1"
    "@element-plus/icons-vue" "^2.0.6"
    "@floating-ui/dom" "^1.0.1"
    "@popperjs/core" "npm:@sxzz/popperjs-es@^2.11.7"
    "@types/lodash" "^4.14.182"
    "@types/lodash-es" "^4.17.6"
    "@vueuse/core" "^9.1.0"
    async-validator "^4.2.5"
    dayjs "^1.11.3"
    escape-html "^1.0.3"
    lodash "^4.17.21"
    lodash-es "^4.17.21"
    lodash-unified "^1.0.2"
    memoize-one "^6.0.0"
    normalize-wheel-es "^1.2.0"

entities@^2.0.0:
  version "2.2.0"
  resolved "https://registry.yarnpkg.com/entities/-/entities-2.2.0.tgz#098dc90ebb83d8dffa089d55256b351d34c4da55"
  integrity sha512-p92if5Nz619I0w+akJrLZH0MX0Pb5DX39XOwQTtXSdQQOaYH03S1uIQp4mhOZtAXrxq4ViO67YTiLBo2638o9A==

esbuild-android-64@0.15.17:
  version "0.15.17"
  resolved "https://registry.yarnpkg.com/esbuild-android-64/-/esbuild-android-64-0.15.17.tgz#3e639a064b275a5e9aaa02a2f4ea0e1d2d875fc9"
  integrity sha512-sUs6cKMAuAyWnJ/66ezWVr9SMRGFSwoMagxzdhXYggSA12zF7krXSuc1Y9JwxHq56wtv/gFAVo97TFm7RBc1Ig==

esbuild-android-arm64@0.15.17:
  version "0.15.17"
  resolved "https://registry.yarnpkg.com/esbuild-android-arm64/-/esbuild-android-arm64-0.15.17.tgz#c863d99723e219bda5336352002530d3fdcc62bf"
  integrity sha512-RLZuCgIx1rexwxwsXTEW40ZiZzdBI1MBphwDRFyms/iiJGwLxqCH7v75iSJk5s6AF6oa80KC6r/RmzyaX/uJNg==

esbuild-darwin-64@0.15.17:
  version "0.15.17"
  resolved "https://registry.yarnpkg.com/esbuild-darwin-64/-/esbuild-darwin-64-0.15.17.tgz#2c68c9cf85235a5e79b3936c12dfee1ce4aafa55"
  integrity sha512-+6RTCZ0hfAb+RqTNq1uVsBcP441yZOSi6CyV9BIBryGGVg8RM3Bc6L45e5b68jdRloddN92ekS50e4ElI+cHQA==

esbuild-darwin-arm64@0.15.17:
  version "0.15.17"
  resolved "https://registry.yarnpkg.com/esbuild-darwin-arm64/-/esbuild-darwin-arm64-0.15.17.tgz#3d277785acea953e0bb23e21c5df536341055aad"
  integrity sha512-ne4UWUHEKWLgYSE5SLr0/TBcID3k9LPnrzzRXzFLTfD+ygjnW1pMEgdMfmOKIe8jYBUYv8x/YoksriTdQb9r/Q==

esbuild-freebsd-64@0.15.17:
  version "0.15.17"
  resolved "https://registry.yarnpkg.com/esbuild-freebsd-64/-/esbuild-freebsd-64-0.15.17.tgz#d8727eada6b84ad27be448ec9da461497a497289"
  integrity sha512-6my3DrwLOe1zhR8UzVRKeo9AFM9XkApJBcx0IE+qKaEbKKBxYAiDBtd2ZMtRA2agqIwRP0kuHofTiDEzpfA+ZA==

esbuild-freebsd-arm64@0.15.17:
  version "0.15.17"
  resolved "https://registry.yarnpkg.com/esbuild-freebsd-arm64/-/esbuild-freebsd-arm64-0.15.17.tgz#441ee277b908e068f5780f829c13d999328143ab"
  integrity sha512-LQL7+f+bz+xmAu1FcDBB304Wm2CjONUcOeF4f3TqG7wYXMxjjYQZBFv+0OVapNXyYrM2vy9JMDbps+SheuOnHg==

esbuild-linux-32@0.15.17:
  version "0.15.17"
  resolved "https://registry.yarnpkg.com/esbuild-linux-32/-/esbuild-linux-32-0.15.17.tgz#6109df781f8f5a02792d6aa457a727485b9972c7"
  integrity sha512-7E9vZXMZhINQ4/KcxBxioJ2ao5gbXJ6Pa4/LEUd102g3gadSalpg0LrityFgw7ao6qmjcNWwdEYrXaDnOzyyYA==

esbuild-linux-64@0.15.17:
  version "0.15.17"
  resolved "https://registry.yarnpkg.com/esbuild-linux-64/-/esbuild-linux-64-0.15.17.tgz#67a9f35edcf45768d7f460c3981a2c8ec14274e2"
  integrity sha512-TnedHtFQSUVlc0J0D4ZMMalYaQ0Zbt7HSwGy4sav7BlXVqDVc/rchJ/a9dathK51apzLgRyXQMseLf6bkloaSQ==

esbuild-linux-arm64@0.15.17:
  version "0.15.17"
  resolved "https://registry.yarnpkg.com/esbuild-linux-arm64/-/esbuild-linux-arm64-0.15.17.tgz#8f0277990429c0ded773d704ce94eec969d5eca6"
  integrity sha512-oupYfh0lTHg+F/2ZoTNrioB+KLd6x0Zlhjz2Oa1jhl8wCGkNvwe25RytR2/SGPYpoNVcvCeoayWQRwwRuWGgfQ==

esbuild-linux-arm@0.15.17:
  version "0.15.17"
  resolved "https://registry.yarnpkg.com/esbuild-linux-arm/-/esbuild-linux-arm-0.15.17.tgz#05470e182cfaa4677090a54db96253a2a319e5dc"
  integrity sha512-+ugCmBTTDIlh+UuC7E/GvyJqjGTX2pNOA+g3isG78aYcfgswrHjvstTtIfljaU95AS30qrVNLgI5h/8TsRWTrg==

esbuild-linux-mips64le@0.15.17:
  version "0.15.17"
  resolved "https://registry.yarnpkg.com/esbuild-linux-mips64le/-/esbuild-linux-mips64le-0.15.17.tgz#0e806ef7e0b7148fe9944d736e7e72c40f2bfec0"
  integrity sha512-aUVyHwUXJF1hi9jsAT+At+cBxZh2yGICi/e757N6d/zzOD+eVK3PKQj68tAvIflx6/ZpnuCTKol1GpgGYrzERg==

esbuild-linux-ppc64le@0.15.17:
  version "0.15.17"
  resolved "https://registry.yarnpkg.com/esbuild-linux-ppc64le/-/esbuild-linux-ppc64le-0.15.17.tgz#9c2b392efd372ddc2ac4e7d2cfd1d2b993a3031d"
  integrity sha512-i7789iFTLfLccHPNADCbaZPx9CuQblsBqv2j4XqIBN1jKIJbpQ8iqCkWoHep4PLqqKLtBLtTWh919GsrFGdeJA==

esbuild-linux-riscv64@0.15.17:
  version "0.15.17"
  resolved "https://registry.yarnpkg.com/esbuild-linux-riscv64/-/esbuild-linux-riscv64-0.15.17.tgz#ac803768edebef91070891753565bf9ce25ece77"
  integrity sha512-fEQ/8tnZ2sDniBlPfTXEdg+0OP1olps96HvYdwl8ywJdAlD7AK761EL3lRbRdfMHNOId2N6+CVca43/Fiu/0AQ==

esbuild-linux-s390x@0.15.17:
  version "0.15.17"
  resolved "https://registry.yarnpkg.com/esbuild-linux-s390x/-/esbuild-linux-s390x-0.15.17.tgz#ac70e5326c16ef8b2b89d72b54c44c0c99d15401"
  integrity sha512-ZBQekST4gYgTKHAvUJtR1kFFulHTDlRZSE8T0wRQCmQqydNkC1teWxlR31xS6MZevjZGfa7OMVJD24bBhei/2Q==

esbuild-netbsd-64@0.15.17:
  version "0.15.17"
  resolved "https://registry.yarnpkg.com/esbuild-netbsd-64/-/esbuild-netbsd-64-0.15.17.tgz#14eec8ded46e1d7ca564c81cf0ecd3cfbdeb89db"
  integrity sha512-onNBFaZVN9GzGJMm3aZJJv74n/Q8FjW20G9OfSDhHjvamqJ5vbd42hNk6igQX4lgBCHTZvvBlWDJAMy+tbJAAw==

esbuild-openbsd-64@0.15.17:
  version "0.15.17"
  resolved "https://registry.yarnpkg.com/esbuild-openbsd-64/-/esbuild-openbsd-64-0.15.17.tgz#363e1a96e402ad1a8a35bf8a3f7b64b8703fa1de"
  integrity sha512-QFxHmvjaRrmTCvH/A3EmzqKUSZHRQ7/pbrJeATsb/Q6qckCeL9e7zg/1A3HiZqDXeBUV3yNeBeV1GJBjY6yVyA==

esbuild-sunos-64@0.15.17:
  version "0.15.17"
  resolved "https://registry.yarnpkg.com/esbuild-sunos-64/-/esbuild-sunos-64-0.15.17.tgz#0d6def4f946f4b585845373010a8d35310356ed0"
  integrity sha512-7dHZA8Kc6U8rBTKojJatXtzHTUKJ3CRYimvOGIQQ1yUDOqGx/zZkCH/HkEi3Zg5SWyDj/57E5e1YJPo4ySSw/w==

esbuild-windows-32@0.15.17:
  version "0.15.17"
  resolved "https://registry.yarnpkg.com/esbuild-windows-32/-/esbuild-windows-32-0.15.17.tgz#3e5260f46c6a1cb0fafcb4c7c5aa1371ca0f525d"
  integrity sha512-yDrNrwQ/0k4N3OZItZ6k6YnBUch8+of06YRYc3hFI8VDm7X1rkNZwhttZNAzF6+TtbnK4cIz7H2/EwdSoaGZ3g==

esbuild-windows-64@0.15.17:
  version "0.15.17"
  resolved "https://registry.yarnpkg.com/esbuild-windows-64/-/esbuild-windows-64-0.15.17.tgz#d313f92c3dcc191d14d5d06a6722ae250c158aeb"
  integrity sha512-jPnXvB4zMMToNPpCBdt+OEQiYFVs9wlQ5G8vMoJkrYJBp1aEt070MRpBFa6pfBFrgXquqgUiNAohMcTdy+JVFg==

esbuild-windows-arm64@0.15.17:
  version "0.15.17"
  resolved "https://registry.yarnpkg.com/esbuild-windows-arm64/-/esbuild-windows-arm64-0.15.17.tgz#7ad50ae269a490c3b12c3128fb67d91ec2caf869"
  integrity sha512-I5QeSsz0X66V8rxVhmw03Wzn8Tz63H3L9GrsA7C5wvBXMk3qahLWuEL+l7SZ2DleKkFeZZMu1dPxOak9f1TZ4A==

esbuild@^0.15.9:
  version "0.15.17"
  resolved "https://registry.yarnpkg.com/esbuild/-/esbuild-0.15.17.tgz#9a4e1e78898968afbdce4325e3b941cb7378ee42"
  integrity sha512-8MbkDX+kh0kaeYGd6klMbn1uTOXHoDw7UYMd1dQYA5cqBZivf5+pzfaXZSL1RNamJfXW/uWC5+9wX5ejDgpSqg==
  optionalDependencies:
    "@esbuild/android-arm" "0.15.17"
    "@esbuild/linux-loong64" "0.15.17"
    esbuild-android-64 "0.15.17"
    esbuild-android-arm64 "0.15.17"
    esbuild-darwin-64 "0.15.17"
    esbuild-darwin-arm64 "0.15.17"
    esbuild-freebsd-64 "0.15.17"
    esbuild-freebsd-arm64 "0.15.17"
    esbuild-linux-32 "0.15.17"
    esbuild-linux-64 "0.15.17"
    esbuild-linux-arm "0.15.17"
    esbuild-linux-arm64 "0.15.17"
    esbuild-linux-mips64le "0.15.17"
    esbuild-linux-ppc64le "0.15.17"
    esbuild-linux-riscv64 "0.15.17"
    esbuild-linux-s390x "0.15.17"
    esbuild-netbsd-64 "0.15.17"
    esbuild-openbsd-64 "0.15.17"
    esbuild-sunos-64 "0.15.17"
    esbuild-windows-32 "0.15.17"
    esbuild-windows-64 "0.15.17"
    esbuild-windows-arm64 "0.15.17"

escape-goat@^3.0.0:
  version "3.0.0"
  resolved "https://registry.yarnpkg.com/escape-goat/-/escape-goat-3.0.0.tgz#e8b5fb658553fe8a3c4959c316c6ebb8c842b19c"
  integrity sha512-w3PwNZJwRxlp47QGzhuEBldEqVHHhh8/tIPcl6ecf2Bou99cdAt0knihBV0Ecc7CGxYduXVBDheH1K2oADRlvw==

escape-goat@^4.0.0:
  version "4.0.0"
  resolved "https://registry.yarnpkg.com/escape-goat/-/escape-goat-4.0.0.tgz#9424820331b510b0666b98f7873fe11ac4aa8081"
  integrity sha512-2Sd4ShcWxbx6OY1IHyla/CVNwvg7XwZVoXZHcSu9w9SReNP1EzzD5T8NWKIR38fIqEns9kDWKUQTXXAmlDrdPg==

escape-html@^1.0.3:
  version "1.0.3"
  resolved "https://registry.yarnpkg.com/escape-html/-/escape-html-1.0.3.tgz#0258eae4d3d0c0974de1c169188ef0051d1d1988"
  integrity sha512-NiSupZ4OeuGwr68lGIeym/ksIZMJodUGOSCZ/FSnTxcrekbvqrgdUxlJOMpijaKZVjAJrWrGs/6Jy8OMuyj9ow==

escape-string-regexp@^4.0.0:
  version "4.0.0"
  resolved "https://registry.yarnpkg.com/escape-string-regexp/-/escape-string-regexp-4.0.0.tgz#14ba83a5d373e3d311e5afca29cf5bfad965bf34"
  integrity sha512-TtpcNJ3XAzx3Gq8sWRzJaVajRs0uVxA2YAkdb1jm2YkPz4G6egUFAyA3n5vtEIZefPk5Wa4UXbKuS5fKkJWdgA==

estree-walker@^2.0.2:
  version "2.0.2"
  resolved "https://registry.yarnpkg.com/estree-walker/-/estree-walker-2.0.2.tgz#52f010178c2a4c117a7757cfe942adb7d2da4cac"
  integrity sha512-Rfkk/Mp/DL7JVje3u18FxFujQlTNR2q6QfMSMB7AvCBx91NGj/ba3kCfza0f6dVDbw7YlRf/nDrn7pQrCCyQ/w==

fill-range@^7.0.1:
  version "7.0.1"
  resolved "https://registry.yarnpkg.com/fill-range/-/fill-range-7.0.1.tgz#1919a6a7c75fe38b2c7c77e5198535da9acdda40"
  integrity sha512-qOo9F+dMUmC2Lcb4BbVvnKJxTPjCm+RRpe4gDuGrzkL7mEVl/djYSu2OdQ2Pa302N4oqkSg9ir6jaLWJ2USVpQ==
  dependencies:
    to-regex-range "^5.0.1"

fsevents@~2.3.2:
  version "2.3.2"
  resolved "https://registry.yarnpkg.com/fsevents/-/fsevents-2.3.2.tgz#8a526f78b8fdf4623b709e0b975c52c24c02fd1a"
  integrity sha512-xiqMQR4xAeHTuB9uWm+fFRcIOgKBMiOBP+eXiyT7jsgVCq1bkVygt00oASowB7EdtpOHaaPgKt812P9ab+DDKA==

function-bind@^1.1.1:
  version "1.1.1"
  resolved "https://registry.yarnpkg.com/function-bind/-/function-bind-1.1.1.tgz#a56899d3ea3c9bab874bb9773b7c5ede92f4895d"
  integrity sha512-yIovAzMX49sF8Yl58fSCWJ5svSLuaibPxXQJFLmBObTuCr0Mf1KiPopGM9NiFjiYBCbfaa2Fh6breQ6ANVTI0A==

glob-parent@~5.1.2:
  version "5.1.2"
  resolved "https://registry.yarnpkg.com/glob-parent/-/glob-parent-5.1.2.tgz#869832c58034fe68a4093c17dc15e8340d8401c4"
  integrity sha512-AOIgSQCepiJYwP3ARnGx+5VnTu2HBYdzbGP45eLw1vr3zB3vZLeyed1sC9hnbcOc9/SrMyM5RPQrkGz4aS9Zow==
  dependencies:
    is-glob "^4.0.1"

has@^1.0.3:
  version "1.0.3"
  resolved "https://registry.yarnpkg.com/has/-/has-1.0.3.tgz#722d7cbfc1f6aa8241f16dd814e011e1f41e8796"
  integrity sha512-f2dvO0VU6Oej7RkWJGrehjbzMAjFp5/VKPp5tTpWIV4JHHZK1/BxbFRtf/siA2SWTe09caDmVtYYzWEIbBS4zw==
  dependencies:
    function-bind "^1.1.1"

he@^1.2.0:
  version "1.2.0"
  resolved "https://registry.yarnpkg.com/he/-/he-1.2.0.tgz#84ae65fa7eafb165fddb61566ae14baf05664f0f"
  integrity sha512-F/1DnUGPopORZi0ni+CvrCgHQ5FyEAHRLSApuYWMmrbSwoN2Mn/7k+Gl38gJnR7yyDZk6WLXwiGod1JOWNDKGw==

html-tags@^3.1.0:
  version "3.2.0"
  resolved "https://registry.yarnpkg.com/html-tags/-/html-tags-3.2.0.tgz#dbb3518d20b726524e4dd43de397eb0a95726961"
  integrity sha512-vy7ClnArOZwCnqZgvv+ddgHgJiAFXe3Ge9ML5/mBctVJoUoYPCdxVucOywjDARn6CVoh3dRSFdPHy2sX80L0Wg==

htmlparser2@^6.0.0:
  version "6.1.0"
  resolved "https://registry.yarnpkg.com/htmlparser2/-/htmlparser2-6.1.0.tgz#c4d762b6c3371a05dbe65e94ae43a9f845fb8fb7"
  integrity sha512-gyyPk6rgonLFEDGoeRgQNaEUvdJ4ktTmmUh/h2t7s+M8oPpIPxgNACWa+6ESR57kXstwqPiCut0V8NRpcwgU7A==
  dependencies:
    domelementtype "^2.0.1"
    domhandler "^4.0.0"
    domutils "^2.5.2"
    entities "^2.0.0"

immutable@^4.0.0:
  version "4.1.0"
  resolved "https://registry.yarnpkg.com/immutable/-/immutable-4.1.0.tgz#f795787f0db780183307b9eb2091fcac1f6fafef"
  integrity sha512-oNkuqVTA8jqG1Q6c+UglTOD1xhC1BtjKI7XkCXRkZHrN5m18/XsnUp8Q89GkQO/z+0WjonSvl0FLhDYftp46nQ==

is-binary-path@~2.1.0:
  version "2.1.0"
  resolved "https://registry.yarnpkg.com/is-binary-path/-/is-binary-path-2.1.0.tgz#ea1f7f3b80f064236e83470f86c09c254fb45b09"
  integrity sha512-ZMERYes6pDydyuGidse7OsHxtbI7WVeUEozgR/g7rd0xUimYNlvZRE/K2MgZTjWy725IfelLeVcEM97mmtRGXw==
  dependencies:
    binary-extensions "^2.0.0"

is-core-module@^2.9.0:
  version "2.11.0"
  resolved "https://registry.yarnpkg.com/is-core-module/-/is-core-module-2.11.0.tgz#ad4cb3e3863e814523c96f3f58d26cc570ff0144"
  integrity sha512-RRjxlvLDkD1YJwDbroBHMb+cukurkDWNyHx7D3oNB5x9rb5ogcksMC5wHCadcXoo67gVr/+3GFySh3134zi6rw==
  dependencies:
    has "^1.0.3"

is-extglob@^2.1.1:
  version "2.1.1"
  resolved "https://registry.yarnpkg.com/is-extglob/-/is-extglob-2.1.1.tgz#a88c02535791f02ed37c76a1b9ea9773c833f8c2"
  integrity sha512-SbKbANkN603Vi4jEZv49LeVJMn4yGwsbzZworEoyEiutsN3nJYdbO36zfhGJ6QEDpOZIFkDtnq5JRxmvl3jsoQ==

is-glob@^4.0.1, is-glob@~4.0.1:
  version "4.0.3"
  resolved "https://registry.yarnpkg.com/is-glob/-/is-glob-4.0.3.tgz#64f61e42cbbb2eec2071a9dac0b28ba1e65d5084"
  integrity sha512-xelSayHH36ZgE7ZWhli7pW34hNbNl8Ojv5KVmkJD4hBdD3th8Tfk9vYasLM+mXWOZhFkgZfxhLSnrwRr4elSSg==
  dependencies:
    is-extglob "^2.1.1"

is-number@^7.0.0:
  version "7.0.0"
  resolved "https://registry.yarnpkg.com/is-number/-/is-number-7.0.0.tgz#7535345b896734d5f80c4d06c50955527a14f12b"
  integrity sha512-41Cifkg6e8TylSpdtTpeLVMqvSBEVzTttHvERD741+pnZ8ANv0004MRL43QKPDlK9cGvNp6NZWZUBlbGXYxxng==

is-plain-object@^5.0.0:
  version "5.0.0"
  resolved "https://registry.yarnpkg.com/is-plain-object/-/is-plain-object-5.0.0.tgz#4427f50ab3429e9025ea7d52e9043a9ef4159344"
  integrity sha512-VRSzKkbMm5jMDoKLbltAkFQ5Qr7VDiTFGXxYFXXowVj387GeGNOCsOH6Msy00SGZ3Fp84b1Naa1psqgcCIEP5Q==

leaflet@^1.9.3:
  version "1.9.3"
  resolved "https://registry.yarnpkg.com/leaflet/-/leaflet-1.9.3.tgz#52ec436954964e2d3d39e0d433da4b2500d74414"
  integrity sha512-iB2cR9vAkDOu5l3HAay2obcUHZ7xwUBBjph8+PGtmW/2lYhbLizWtG7nTeYht36WfOslixQF9D/uSIzhZgGMfQ==

linkify-urls@^4.0.0:
  version "4.0.0"
  resolved "https://registry.yarnpkg.com/linkify-urls/-/linkify-urls-4.0.0.tgz#44bb1375a3d287eea11c4e7c6a5a5756c9ecb29e"
  integrity sha512-Kjj+9gZtj+Yf93LL1UPND6F/F5hcZAINuBfS4AKiOUh5mmfVjSiZWBg75ebCJ8onkf0lIMJhiOQXF3BCBBmCtw==
  dependencies:
    create-html-element "^4.0.1"

lodash-es@^4.17.21:
  version "4.17.21"
  resolved "https://registry.yarnpkg.com/lodash-es/-/lodash-es-4.17.21.tgz#43e626c46e6591b7750beb2b50117390c609e3ee"
  integrity sha512-mKnC+QJ9pWVzv+C4/U3rRsHapFfHvQFoFB92e52xeyGMcX6/OlIl78je1u8vePzYZSkkogMPJ2yjxxsb89cxyw==

lodash-unified@^1.0.2:
  version "1.0.3"
  resolved "https://registry.yarnpkg.com/lodash-unified/-/lodash-unified-1.0.3.tgz#80b1eac10ed2eb02ed189f08614a29c27d07c894"
  integrity sha512-WK9qSozxXOD7ZJQlpSqOT+om2ZfcT4yO+03FuzAHD0wF6S0l0090LRPDx3vhTTLZ8cFKpBn+IOcVXK6qOcIlfQ==

lodash@^4.17.21:
  version "4.17.21"
  resolved "https://registry.yarnpkg.com/lodash/-/lodash-4.17.21.tgz#679591c564c3bffaae8454cf0b3df370c3d6911c"
  integrity sha512-v2kDEe57lecTulaDIuNTPy3Ry4gLGJ6Z1O3vE1krgXZNrsQ+LFTGHVxVjcXPs17LhbZVGedAJv8XZ1tvj5FvSg==

magic-string@^0.25.7:
  version "0.25.9"
  resolved "https://registry.yarnpkg.com/magic-string/-/magic-string-0.25.9.tgz#de7f9faf91ef8a1c91d02c2e5314c8277dbcdd1c"
  integrity sha512-RmF0AsMzgt25qzqqLc1+MbHmhdx0ojF2Fvs4XnOqz2ZOBXzzkEwc/dJQZCYHAn7v1jbVOjAZfK8msRn4BxO4VQ==
  dependencies:
    sourcemap-codec "^1.4.8"

marked@^4.2.3:
  version "4.2.3"
  resolved "https://registry.yarnpkg.com/marked/-/marked-4.2.3.tgz#bd76a5eb510ff1d8421bc6c3b2f0b93488c15bea"
  integrity sha512-slWRdJkbTZ+PjkyJnE30Uid64eHwbwa1Q25INCAYfZlK4o6ylagBy/Le9eWntqJFoFT93ikUKMv47GZ4gTwHkw==

memoize-one@^6.0.0:
  version "6.0.0"
  resolved "https://registry.yarnpkg.com/memoize-one/-/memoize-one-6.0.0.tgz#b2591b871ed82948aee4727dc6abceeeac8c1045"
  integrity sha512-rkpe71W0N0c0Xz6QD0eJETuWAJGnJ9afsl1srmwPrI+yBCkge5EycXXbYRyvL29zZVUWQCY7InPRCv3GDXuZNw==

minimatch@^5.1.0:
  version "5.1.1"
  resolved "https://registry.yarnpkg.com/minimatch/-/minimatch-5.1.1.tgz#6c9dffcf9927ff2a31e74b5af11adf8b9604b022"
  integrity sha512-362NP+zlprccbEt/SkxKfRMHnNY85V74mVnpUpNyr3F35covl09Kec7/sEFLt3RA4oXmewtoaanoIf67SE5Y5g==
  dependencies:
    brace-expansion "^2.0.1"

moment@*, moment@^2.29.4:
  version "2.29.4"
  resolved "https://registry.yarnpkg.com/moment/-/moment-2.29.4.tgz#3dbe052889fe7c1b2ed966fcb3a77328964ef108"
  integrity sha512-5LC9SOxjSc2HF6vO2CyuTDNivEdoz2IvyJJGj6X8DJ0eFyfszE0QiEd+iXmBvUP3WHxSjFH/vIsA0EN00cgr8w==

muggle-string@^0.1.0:
  version "0.1.0"
  resolved "https://registry.yarnpkg.com/muggle-string/-/muggle-string-0.1.0.tgz#1fda8a281c8b27bb8b70466dbc9f27586a8baa6c"
  integrity sha512-Tr1knR3d2mKvvWthlk7202rywKbiOm4rVFLsfAaSIhJ6dt9o47W4S+JMtWhd/PW9Wrdew2/S2fSvhz3E2gkfEg==

nanoid@^3.3.4:
  version "3.3.4"
  resolved "https://registry.yarnpkg.com/nanoid/-/nanoid-3.3.4.tgz#730b67e3cd09e2deacf03c027c81c9d9dbc5e8ab"
  integrity sha512-MqBkQh/OHTS2egovRtLk45wEyNXwF+cokD+1YPf9u5VfJiRdAiRwB2froX5Co9Rh20xs4siNPm8naNotSD6RBw==

normalize-path@^3.0.0, normalize-path@~3.0.0:
  version "3.0.0"
  resolved "https://registry.yarnpkg.com/normalize-path/-/normalize-path-3.0.0.tgz#0dcd69ff23a1c9b11fd0978316644a0388216a65"
  integrity sha512-6eZs5Ls3WtCisHWp9S2GUy8dqkpGi4BVSz3GaqiE6ezub0512ESztXUwUB6C6IKbQkY2Pnb/mD4WYojCRwcwLA==

normalize-wheel-es@^1.2.0:
  version "1.2.0"
  resolved "https://registry.yarnpkg.com/normalize-wheel-es/-/normalize-wheel-es-1.2.0.tgz#0fa2593d619f7245a541652619105ab076acf09e"
  integrity sha512-Wj7+EJQ8mSuXr2iWfnujrimU35R2W4FAErEyTmJoJ7ucwTn2hOUSsRehMb5RSYkxXGTM7Y9QpvPmp++w5ftoJw==

parse-srcset@^1.0.2:
  version "1.0.2"
  resolved "https://registry.yarnpkg.com/parse-srcset/-/parse-srcset-1.0.2.tgz#f2bd221f6cc970a938d88556abc589caaaa2bde1"
  integrity sha512-/2qh0lav6CmI15FzA3i/2Bzk2zCgQhGMkvhOhKNcBVQ1ldgpbfiNTVslmooUmWJcADi1f1kIeynbDRVzNlfR6Q==

path-parse@^1.0.7:
  version "1.0.7"
  resolved "https://registry.yarnpkg.com/path-parse/-/path-parse-1.0.7.tgz#fbc114b60ca42b30d9daf5858e4bd68bbedb6735"
  integrity sha512-LDJzPVEEEPR+y48z93A0Ed0yXb8pAByGWo/k5YYdYgpY2/2EsOsksJrq7lOHxryrVOn1ejG6oAp8ahvOIQD8sw==

picocolors@^1.0.0:
  version "1.0.0"
  resolved "https://registry.yarnpkg.com/picocolors/-/picocolors-1.0.0.tgz#cb5bdc74ff3f51892236eaf79d68bc44564ab81c"
  integrity sha512-1fygroTLlHu66zi26VoTDv8yRgm0Fccecssto+MhsZ0D/DGW2sm8E8AjW7NU5VVTRt5GxbeZ5qBuJr+HyLYkjQ==

picomatch@^2.0.4, picomatch@^2.2.1:
  version "2.3.1"
  resolved "https://registry.yarnpkg.com/picomatch/-/picomatch-2.3.1.tgz#3ba3833733646d9d3e4995946c1365a67fb07a42"
  integrity sha512-JU3teHTNjmE2VCGFzuY8EXzCDVwEqB2a8fsIvwaStHhAWJEeVd1o1QD80CU6+ZdEXXSLbSsuLwJjkCBWqRQUVA==

postcss@^8.1.10, postcss@^8.3.11, postcss@^8.4.18:
  version "8.4.19"
  resolved "https://registry.yarnpkg.com/postcss/-/postcss-8.4.19.tgz#61178e2add236b17351897c8bcc0b4c8ecab56fc"
  integrity sha512-h+pbPsyhlYj6N2ozBmHhHrs9DzGmbaarbLvWipMRO7RLS+v4onj26MPFXA5OBYFxyqYhUJK456SwDcY9H2/zsA==
  dependencies:
    nanoid "^3.3.4"
    picocolors "^1.0.0"
    source-map-js "^1.0.2"

readdirp@~3.6.0:
  version "3.6.0"
  resolved "https://registry.yarnpkg.com/readdirp/-/readdirp-3.6.0.tgz#74a370bd857116e245b29cc97340cd431a02a6c7"
  integrity sha512-hOS089on8RduqdbhvQ5Z37A0ESjsqz6qnRcffsMU3495FuTdqSm+7bhJ29JvIOsBDEEnan5DPu9t3To9VRlMzA==
  dependencies:
    picomatch "^2.2.1"

resolve@^1.22.1:
  version "1.22.1"
  resolved "https://registry.yarnpkg.com/resolve/-/resolve-1.22.1.tgz#27cb2ebb53f91abb49470a928bba7558066ac177"
  integrity sha512-nBpuuYuY5jFsli/JIs1oldw6fOQCBioohqWZg/2hiaOybXOft4lonv85uDOKXdf8rhyK159cxU5cDcK/NKk8zw==
  dependencies:
    is-core-module "^2.9.0"
    path-parse "^1.0.7"
    supports-preserve-symlinks-flag "^1.0.0"

rollup@^2.79.1:
  version "2.79.1"
  resolved "https://registry.yarnpkg.com/rollup/-/rollup-2.79.1.tgz#bedee8faef7c9f93a2647ac0108748f497f081c7"
  integrity sha512-uKxbd0IhMZOhjAiD5oAFp7BqvkA4Dv47qpOCtaNvng4HBwdbWtdOh8f5nZNuk2rp51PMGk3bzfWu5oayNEuYnw==
  optionalDependencies:
    fsevents "~2.3.2"

sanitize-html@^2.7.3:
  version "2.7.3"
  resolved "https://registry.yarnpkg.com/sanitize-html/-/sanitize-html-2.7.3.tgz#166c868444ee4f9fd7352ac8c63fa86c343fc2bd"
  integrity sha512-jMaHG29ak4miiJ8wgqA1849iInqORgNv7SLfSw9LtfOhEUQ1C0YHKH73R+hgyufBW9ZFeJrb057k9hjlfBCVlw==
  dependencies:
    deepmerge "^4.2.2"
    escape-string-regexp "^4.0.0"
    htmlparser2 "^6.0.0"
    is-plain-object "^5.0.0"
    parse-srcset "^1.0.2"
    postcss "^8.3.11"

sass@^1.50.0:
  version "1.56.1"
  resolved "https://registry.yarnpkg.com/sass/-/sass-1.56.1.tgz#94d3910cd468fd075fa87f5bb17437a0b617d8a7"
  integrity sha512-VpEyKpyBPCxE7qGDtOcdJ6fFbcpOM+Emu7uZLxVrkX8KVU/Dp5UF7WLvzqRuUhB6mqqQt1xffLoG+AndxTZrCQ==
  dependencies:
    chokidar ">=3.0.0 <4.0.0"
    immutable "^4.0.0"
    source-map-js ">=0.6.2 <2.0.0"

"source-map-js@>=0.6.2 <2.0.0", source-map-js@^1.0.2:
  version "1.0.2"
  resolved "https://registry.yarnpkg.com/source-map-js/-/source-map-js-1.0.2.tgz#adbc361d9c62df380125e7f161f71c826f1e490c"
  integrity sha512-R0XvVJ9WusLiqTCEiGCmICCMplcCkIwwR11mOSD9CR5u+IXYdiseeEuXCVAjS54zqwkLcPNnmU4OeJ6tUrWhDw==

source-map@^0.6.1:
  version "0.6.1"
  resolved "https://registry.yarnpkg.com/source-map/-/source-map-0.6.1.tgz#74722af32e9614e9c287a8d0bbde48b5e2f1a263"
  integrity sha512-UjgapumWlbMhkBgzT7Ykc5YXUT46F0iKu8SGXq0bcwP5dz/h0Plj6enJqjz1Zbq2l5WaqYnrVbwWOWMyF3F47g==

sourcemap-codec@^1.4.8:
  version "1.4.8"
  resolved "https://registry.yarnpkg.com/sourcemap-codec/-/sourcemap-codec-1.4.8.tgz#ea804bd94857402e6992d05a38ef1ae35a9ab4c4"
  integrity sha512-9NykojV5Uih4lgo5So5dtw+f0JgJX30KCNI8gwhz2J9A15wD0Ml6tjHKwf6fTSa6fAdVBdZeNOs9eJ71qCk8vA==

stringify-attributes@^3.0.0:
  version "3.0.0"
  resolved "https://registry.yarnpkg.com/stringify-attributes/-/stringify-attributes-3.0.0.tgz#10d8c3615924df47b70d28c848d71c8afb0a8e52"
  integrity sha512-tJKiThlLfog6ljT7ZTihlMh0iAtjKlu/ss9DMmBE5oOosbMqOMcuxc7zDfxP2lGzSb2Bwvbd3gQTqTSCmXyySw==
  dependencies:
    escape-goat "^3.0.0"

supports-preserve-symlinks-flag@^1.0.0:
  version "1.0.0"
  resolved "https://registry.yarnpkg.com/supports-preserve-symlinks-flag/-/supports-preserve-symlinks-flag-1.0.0.tgz#6eda4bd344a3c94aea376d4cc31bc77311039e09"
  integrity sha512-ot0WnXS9fgdkgIcePe6RHNk1WA8+muPa6cSjeR3V8K27q9BB1rTE3R1p7Hv0z1ZyAc8s6Vvv8DIyWf681MAt0w==

to-regex-range@^5.0.1:
  version "5.0.1"
  resolved "https://registry.yarnpkg.com/to-regex-range/-/to-regex-range-5.0.1.tgz#1648c44aae7c8d988a326018ed72f5b4dd0392e4"
  integrity sha512-65P7iz6X5yEr1cwcgvQxbbIw7Uk3gOy5dIdtZ4rDveLqhrdJP+Li/Hx6tyK0NEb+2GCyneCMJiGqrADCSNk8sQ==
  dependencies:
    is-number "^7.0.0"

type-fest@^2.5.0:
  version "2.19.0"
  resolved "https://registry.yarnpkg.com/type-fest/-/type-fest-2.19.0.tgz#88068015bb33036a598b952e55e9311a60fd3a9b"
  integrity sha512-RAH822pAdBgcNMAfWnCBU3CFZcfZ/i1eZjwFU/dsLKumyuuP3niueg2UAukXYF0E2AAoc82ZSSf9J0WQBinzHA==

typescript@^4.6.3:
  version "4.9.3"
  resolved "https://registry.yarnpkg.com/typescript/-/typescript-4.9.3.tgz#3aea307c1746b8c384435d8ac36b8a2e580d85db"
  integrity sha512-CIfGzTelbKNEnLpLdGFgdyKhG23CKdKgQPOBc+OUNrkJ2vr+KSzsSV5kq5iWhEQbok+quxgGzrAtGWCyU7tHnA==

url-join@^5.0.0:
  version "5.0.0"
  resolved "https://registry.yarnpkg.com/url-join/-/url-join-5.0.0.tgz#c2f1e5cbd95fa91082a93b58a1f42fecb4bdbcf1"
  integrity sha512-n2huDr9h9yzd6exQVnH/jU5mr+Pfx08LRXXZhkLLetAMESRj+anQsTAh940iMrIetKAmry9coFuZQ2jY8/p3WA==

vite@^3.2.4:
  version "3.2.4"
  resolved "https://registry.yarnpkg.com/vite/-/vite-3.2.4.tgz#d8c7892dd4268064e04fffbe7d866207dd24166e"
  integrity sha512-Z2X6SRAffOUYTa+sLy3NQ7nlHFU100xwanq1WDwqaiFiCe+25zdxP1TfCS5ojPV2oDDcXudHIoPnI1Z/66B7Yw==
  dependencies:
    esbuild "^0.15.9"
    postcss "^8.4.18"
    resolve "^1.22.1"
    rollup "^2.79.1"
  optionalDependencies:
    fsevents "~2.3.2"

vue-class-component@^8.0.0-rc.1:
  version "8.0.0-rc.1"
  resolved "https://registry.yarnpkg.com/vue-class-component/-/vue-class-component-8.0.0-rc.1.tgz#db692cd97656eb9a08206c03d0b7398cdb1d9420"
  integrity sha512-w1nMzsT/UdbDAXKqhwTmSoyuJzUXKrxLE77PCFVuC6syr8acdFDAq116xgvZh9UCuV0h+rlCtxXolr3Hi3HyPQ==

vue-demi@*:
  version "0.13.11"
  resolved "https://registry.yarnpkg.com/vue-demi/-/vue-demi-0.13.11.tgz#7d90369bdae8974d87b1973564ad390182410d99"
  integrity sha512-IR8HoEEGM65YY3ZJYAjMlKygDQn25D5ajNFNoKh9RSDMQtlzCxtfQjdQgv9jjK+m3377SsJXY8ysq8kLCZL25A==

vue-property-decorator@^10.0.0-rc.3:
  version "10.0.0-rc.3"
  resolved "https://registry.yarnpkg.com/vue-property-decorator/-/vue-property-decorator-10.0.0-rc.3.tgz#bb0cb2c7c31dc41149eb432f2104fb82dc3d95be"
  integrity sha512-EGqjf8Lq+kTausZzfLB1ynWOcyay8ZLAc5p2VlKGEX2q+BjYw84oZxr6IcdwuxGIdNmriZqPUX6AlAluBdnbEg==

vue-template-compiler@^2.7.14:
  version "2.7.14"
  resolved "https://registry.yarnpkg.com/vue-template-compiler/-/vue-template-compiler-2.7.14.tgz#4545b7dfb88090744c1577ae5ac3f964e61634b1"
  integrity sha512-zyA5Y3ArvVG0NacJDkkzJuPQDF8RFeRlzV2vLeSnhSpieO6LK2OVbdLPi5MPPs09Ii+gMO8nY4S3iKQxBxDmWQ==
  dependencies:
    de-indent "^1.0.2"
    he "^1.2.0"

vue-tsc@^1.0.11:
  version "1.0.11"
  resolved "https://registry.yarnpkg.com/vue-tsc/-/vue-tsc-1.0.11.tgz#b4d1a74dbdef79c0458839abf27c717f969a2e67"
  integrity sha512-lj+6dEroPsE4wmQOPtjCzAf8x363Km5/tuEvMEoQaoRnzs9myBM46FNvCGIIPStYUGuaqF1W1bORmP2KDQEORA==
  dependencies:
    "@volar/vue-language-core" "1.0.11"
    "@volar/vue-typescript" "1.0.11"

vue@^3.2.33:
  version "3.2.45"
  resolved "https://registry.yarnpkg.com/vue/-/vue-3.2.45.tgz#94a116784447eb7dbd892167784619fef379b3c8"
  integrity sha512-9Nx/Mg2b2xWlXykmCwiTUCWHbWIj53bnkizBxKai1g61f2Xit700A1ljowpTIM11e3uipOeiPcSqnmBg6gyiaA==
  dependencies:
    "@vue/compiler-dom" "3.2.45"
    "@vue/compiler-sfc" "3.2.45"
    "@vue/runtime-dom" "3.2.45"
    "@vue/server-renderer" "3.2.45"
    "@vue/shared" "3.2.45"
